
Microsoft Visual Studio Solution File, Format Version 12.00
# Visual Studio 15
Project("{FAE04EC0-301F-11D3-BF4B-00C04F79EFBC}") = "Assembly-CSharp", "Assembly-CSharp.csproj", "{D550B139-C956-17EC-08E0-C3AD45C453DE}"
EndProject
Project("{FAE04EC0-301F-11D3-BF4B-00C04F79EFBC}") = "AstarPathfindingProject", "AstarPathfindingProject.csproj", "{818F2090-1D16-24CF-9D26-6E2DD09D9833}"
EndProject
Project("{FAE04EC0-301F-11D3-BF4B-00C04F79EFBC}") = "Assembly-CSharp-firstpass", "Assembly-CSharp-firstpass.csproj", "{89ACA9CD-1510-E15C-18F8-4052A5A96AC6}"
EndProject
Project("{FAE04EC0-301F-11D3-BF4B-00C04F79EFBC}") = "AstarPathfindingProjectEditor", "AstarPathfindingProjectEditor.csproj", "{2D24F115-1EAD-6838-2C8F-01D0FD1424FC}"
EndProject
Project("{FAE04EC0-301F-11D3-BF4B-00C04F79EFBC}") = "Assembly-CSharp-Editor-firstpass", "Assembly-CSharp-Editor-firstpass.csproj", "{2C86A42B-EAB3-1906-EC62-543077AA4774}"
EndProject
Project("{FAE04EC0-301F-11D3-BF4B-00C04F79EFBC}") = "PackageToolsEditor", "PackageToolsEditor.csproj", "{29F95673-2ABF-D6F7-4B70-8490241211AE}"
EndProject
Global
	GlobalSection(SolutionConfigurationPlatforms) = preSolution
		Debug|Any CPU = Debug|Any CPU
		Release|Any CPU = Release|Any CPU
	EndGlobalSection
	GlobalSection(ProjectConfigurationPlatforms) = postSolution
		{D550B139-C956-17EC-08E0-C3AD45C453DE}.Debug|Any CPU.ActiveCfg = Debug|Any CPU
		{D550B139-C956-17EC-08E0-C3AD45C453DE}.Debug|Any CPU.Build.0 = Debug|Any CPU
		{D550B139-C956-17EC-08E0-C3AD45C453DE}.Release|Any CPU.ActiveCfg = Release|Any CPU
		{D550B139-C956-17EC-08E0-C3AD45C453DE}.Release|Any CPU.Build.0 = Release|Any CPU
		{818F2090-1D16-24CF-9D26-6E2DD09D9833}.Debug|Any CPU.ActiveCfg = Debug|Any CPU
		{818F2090-1D16-24CF-9D26-6E2DD09D9833}.Debug|Any CPU.Build.0 = Debug|Any CPU
		{818F2090-1D16-24CF-9D26-6E2DD09D9833}.Release|Any CPU.ActiveCfg = Release|Any CPU
		{818F2090-1D16-24CF-9D26-6E2DD09D9833}.Release|Any CPU.Build.0 = Release|Any CPU
		{89ACA9CD-1510-E15C-18F8-4052A5A96AC6}.Debug|Any CPU.ActiveCfg = Debug|Any CPU
		{89ACA9CD-1510-E15C-18F8-4052A5A96AC6}.Debug|Any CPU.Build.0 = Debug|Any CPU
		{89ACA9CD-1510-E15C-18F8-4052A5A96AC6}.Release|Any CPU.ActiveCfg = Release|Any CPU
		{89ACA9CD-1510-E15C-18F8-4052A5A96AC6}.Release|Any CPU.Build.0 = Release|Any CPU
		{2D24F115-1EAD-6838-2C8F-01D0FD1424FC}.Debug|Any CPU.ActiveCfg = Debug|Any CPU
		{2D24F115-1EAD-6838-2C8F-01D0FD1424FC}.Debug|Any CPU.Build.0 = Debug|Any CPU
		{2D24F115-1EAD-6838-2C8F-01D0FD1424FC}.Release|Any CPU.ActiveCfg = Release|Any CPU
		{2D24F115-1EAD-6838-2C8F-01D0FD1424FC}.Release|Any CPU.Build.0 = Release|Any CPU
		{2C86A42B-EAB3-1906-EC62-543077AA4774}.Debug|Any CPU.ActiveCfg = Debug|Any CPU
		{2C86A42B-EAB3-1906-EC62-543077AA4774}.Debug|Any CPU.Build.0 = Debug|Any CPU
		{2C86A42B-EAB3-1906-EC62-543077AA4774}.Release|Any CPU.ActiveCfg = Release|Any CPU
		{2C86A42B-EAB3-1906-EC62-543077AA4774}.Release|Any CPU.Build.0 = Release|Any CPU
		{29F95673-2ABF-D6F7-4B70-8490241211AE}.Debug|Any CPU.ActiveCfg = Debug|Any CPU
		{29F95673-2ABF-D6F7-4B70-8490241211AE}.Debug|Any CPU.Build.0 = Debug|Any CPU
		{29F95673-2ABF-D6F7-4B70-8490241211AE}.Release|Any CPU.ActiveCfg = Release|Any CPU
		{29F95673-2ABF-D6F7-4B70-8490241211AE}.Release|Any CPU.Build.0 = Release|Any CPU
	EndGlobalSection
	GlobalSection(SolutionProperties) = preSolution
		HideSolutionNode = FALSE
	EndGlobalSection
EndGlobal
